{
  "name": "study",
  "lockfileVersion": 3,
  "requires": true,
  "packages": {
    "": {
      "dependencies": {
        "vue-resizable": "^2.1.7"
      }
    },
    "node_modules/vue-resizable": {
      "version": "2.1.7",
      "resolved": "https://registry.npmjs.org/vue-resizable/-/vue-resizable-2.1.7.tgz",
      "integrity": "sha512-zEbWhRR8iXT8+nt3u8rkfrNpkPNsPkf7HteBh+AlPIsJ7rf9fyNwMqr0Q4FRzIpNIpZD5Zrr4+3+YELU0vc1Iw==",
      "license": "MIT"
    }
  }
}
